{
  "name": "squoosh-animations",
  "version": "1.0.0",
  "lockfileVersion": 3,
  "requires": true,
  "packages": {
    "": {
      "name": "squoosh-animations",
      "version": "1.0.0",
      "license": "ISC",
      "devDependencies": {
        "@figma/plugin-typings": "^1.88.0",
        "@types/fabric": "^5.3.7",
        "typescript": "^5.4.5"
      }
    },
    "node_modules/@figma/plugin-typings": {
      "version": "1.118.0",
      "resolved": "https://registry.npmjs.org/@figma/plugin-typings/-/plugin-typings-1.118.0.tgz",
      "integrity": "sha512-hiT0vGrbwnNeZrwjcar3btHjxcouUNFQ52QzBvIbwEdhbH/k/JtWEzmbDZ2UnGZMt3n5K3J4D6fqkATwoz2gLA==",
      "dev": true,
      "license": "MIT License"
    },
    "node_modules/@types/fabric": {
      "version": "5.3.10",
      "resolved": "https://registry.npmjs.org/@types/fabric/-/fabric-5.3.10.tgz",
      "integrity": "sha512-fsJIuVkU+B2AnmQh+Ml2X0ax3NmRIqLvEXmZ+squX60HaF89TvdIP6tI6Uk5srXaauswTwPOOfWE7k2QboUZCg==",
      "dev": true,
      "license": "MIT"
    },
    "node_modules/typescript": {
      "version": "5.9.3",
      "resolved": "https://registry.npmjs.org/typescript/-/typescript-5.9.3.tgz",
      "integrity": "sha512-jl1vZzPDinLr9eUt3J/t7V6FgNEw9QjvBPdysz9KfQDD41fQrC2Y4vKQdiaUpFT4bXlb1RHhLpp8wtm6M5TgSw==",
      "dev": true,
      "license": "Apache-2.0",
      "bin": {
        "tsc": "bin/tsc",
        "tsserver": "bin/tsserver"
      },
      "engines": {
        "node": ">=14.17"
      }
    }
  }
}
