{
  "name": "list-preview-widget",
  "version": "1.0.0",
  "lockfileVersion": 2,
  "requires": true,
  "packages": {
    "": {
      "name": "list-preview-widget",
      "version": "1.0.0",
      "devDependencies": {
        "@figma/plugin-typings": "^1.54.1",
        "@figma/widget-typings": "*",
        "typescript": "*"
      }
    },
    "node_modules/@figma/plugin-typings": {
      "version": "1.54.1",
      "resolved": "https://registry.npmjs.org/@figma/plugin-typings/-/plugin-typings-1.54.1.tgz",
      "integrity": "sha512-gvEmz/Ey5uX6HTH5t33m+UOvI8SBkd+aqT4/PnFPivgsagwY38HK51axdxQQavVWEXQY+Ga326BZnKj5MEUuPg==",
      "dev": true
    },
    "node_modules/@figma/widget-typings": {
      "version": "1.4.0",
      "resolved": "https://registry.npmjs.org/@figma/widget-typings/-/widget-typings-1.4.0.tgz",
      "integrity": "sha512-1wvCA0mFTzvsNUkdVhV6kT2sp3B9r0ex2vSEq59jysVZrWJxjljc9uvGM4C+va11ktcOVqgjzuCHNhWDtvugXQ==",
      "dev": true,
      "peerDependencies": {
        "@figma/plugin-typings": "1.x"
      }
    },
    "node_modules/typescript": {
      "version": "4.7.4",
      "resolved": "https://registry.npmjs.org/typescript/-/typescript-4.7.4.tgz",
      "integrity": "sha512-C0WQT0gezHuw6AdY1M2jxUO83Rjf0HP7Sk1DtXj6j1EwkQNZrHAg2XPWlq62oqEhYvONq5pkC2Y9oPljWToLmQ==",
      "dev": true,
      "bin": {
        "tsc": "bin/tsc",
        "tsserver": "bin/tsserver"
      },
      "engines": {
        "node": ">=4.2.0"
      }
    }
  },
  "dependencies": {
    "@figma/plugin-typings": {
      "version": "1.54.1",
      "resolved": "https://registry.npmjs.org/@figma/plugin-typings/-/plugin-typings-1.54.1.tgz",
      "integrity": "sha512-gvEmz/Ey5uX6HTH5t33m+UOvI8SBkd+aqT4/PnFPivgsagwY38HK51axdxQQavVWEXQY+Ga326BZnKj5MEUuPg==",
      "dev": true
    },
    "@figma/widget-typings": {
      "version": "1.4.0",
      "resolved": "https://registry.npmjs.org/@figma/widget-typings/-/widget-typings-1.4.0.tgz",
      "integrity": "sha512-1wvCA0mFTzvsNUkdVhV6kT2sp3B9r0ex2vSEq59jysVZrWJxjljc9uvGM4C+va11ktcOVqgjzuCHNhWDtvugXQ==",
      "dev": true,
      "requires": {}
    },
    "typescript": {
      "version": "4.7.4",
      "resolved": "https://registry.npmjs.org/typescript/-/typescript-4.7.4.tgz",
      "integrity": "sha512-C0WQT0gezHuw6AdY1M2jxUO83Rjf0HP7Sk1DtXj6j1EwkQNZrHAg2XPWlq62oqEhYvONq5pkC2Y9oPljWToLmQ==",
      "dev": true
    }
  }
}
